
Microsoft Visual Studio Solution File, Format Version 12.00
# Visual Studio 15
VisualStudioVersion = 15.0.26730.16
MinimumVisualStudioVersion = 10.0.40219.1
Project("{FAE04EC0-301F-11D3-BF4B-00C04F79EFBC}") = "StudentScores", "StudentScores.csproj", "{9B232977-815F-4C0A-943E-9948CF35890B}"
EndProject
Global
	GlobalSection(SolutionConfigurationPlatforms) = preSolution
		Debug|Any CPU = Debug|Any CPU
		Release|Any CPU = Release|Any CPU
	EndGlobalSection
	GlobalSection(ProjectConfigurationPlatforms) = postSolution
		{9B232977-815F-4C0A-943E-9948CF35890B}.Debug|Any CPU.ActiveCfg = Debug|Any CPU
		{9B232977-815F-4C0A-943E-9948CF35890B}.Debug|Any CPU.Build.0 = Debug|Any CPU
		{9B232977-815F-4C0A-943E-9948CF35890B}.Release|Any CPU.ActiveCfg = Release|Any CPU
		{9B232977-815F-4C0A-943E-9948CF35890B}.Release|Any CPU.Build.0 = Release|Any CPU
	EndGlobalSection
	GlobalSection(SolutionProperties) = preSolution
		HideSolutionNode = FALSE
	EndGlobalSection
	GlobalSection(ExtensibilityGlobals) = postSolution
		SolutionGuid = {42B3B7D7-1ED3-40F3-9CD2-CDA7C01A0395}
	EndGlobalSection
EndGlobal
